{
  "name": "jawa-script",
  "version": "1.0.0",
  "lockfileVersion": 3,
  "requires": true,
  "packages": {
    "": {
      "name": "jawa-script",
      "version": "1.0.0",
      "license": "MIT",
      "bin": {
        "jawa": "bin/jawa.js"
      },
      "engines": {
        "node": ">=14"
      }
    }
  }
}
